
Microsoft Visual Studio Solution File, Format Version 12.00
# Visual Studio Version 16
VisualStudioVersion = 16.0.30413.136
MinimumVisualStudioVersion = 10.0.40219.1
Project("{FAE04EC0-301F-11D3-BF4B-00C04F79EFBC}") = "ConferenceTest", "ConferenceTest\ConferenceTest.csproj", "{8382DD6E-C052-455D-BD5B-097F6B148A7D}"
EndProject
Global
	GlobalSection(SolutionConfigurationPlatforms) = preSolution
		Debug|Any CPU = Debug|Any CPU
		Release|Any CPU = Release|Any CPU
	EndGlobalSection
	GlobalSection(ProjectConfigurationPlatforms) = postSolution
		{8382DD6E-C052-455D-BD5B-097F6B148A7D}.Debug|Any CPU.ActiveCfg = Debug|Any CPU
		{8382DD6E-C052-455D-BD5B-097F6B148A7D}.Debug|Any CPU.Build.0 = Debug|Any CPU
		{8382DD6E-C052-455D-BD5B-097F6B148A7D}.Release|Any CPU.ActiveCfg = Release|Any CPU
		{8382DD6E-C052-455D-BD5B-097F6B148A7D}.Release|Any CPU.Build.0 = Release|Any CPU
	EndGlobalSection
	GlobalSection(SolutionProperties) = preSolution
		HideSolutionNode = FALSE
	EndGlobalSection
	GlobalSection(ExtensibilityGlobals) = postSolution
		SolutionGuid = {F4E037C1-69B8-4FDF-9806-3B7E64E5D926}
	EndGlobalSection
EndGlobal
